
Microsoft Visual Studio Solution File, Format Version 12.00
# Visual Studio 15
VisualStudioVersion = 15.0.26730.16
MinimumVisualStudioVersion = 10.0.40219.1
Project("{FAE04EC0-301F-11D3-BF4B-00C04F79EFBC}") = "VCFDemo", "VCFDemo\VCFDemo.csproj", "{CBDAAA5F-DDA8-41A9-BFE7-2DF36D9921A9}"
EndProject
Global
	GlobalSection(SolutionConfigurationPlatforms) = preSolution
		Debug|Any CPU = Debug|Any CPU
		Release|Any CPU = Release|Any CPU
	EndGlobalSection
	GlobalSection(ProjectConfigurationPlatforms) = postSolution
		{CBDAAA5F-DDA8-41A9-BFE7-2DF36D9921A9}.Debug|Any CPU.ActiveCfg = Debug|Any CPU
		{CBDAAA5F-DDA8-41A9-BFE7-2DF36D9921A9}.Debug|Any CPU.Build.0 = Debug|Any CPU
		{CBDAAA5F-DDA8-41A9-BFE7-2DF36D9921A9}.Release|Any CPU.ActiveCfg = Release|Any CPU
		{CBDAAA5F-DDA8-41A9-BFE7-2DF36D9921A9}.Release|Any CPU.Build.0 = Release|Any CPU
	EndGlobalSection
	GlobalSection(SolutionProperties) = preSolution
		HideSolutionNode = FALSE
	EndGlobalSection
	GlobalSection(ExtensibilityGlobals) = postSolution
		SolutionGuid = {482939A2-94FD-4190-9ED6-ADF083D3089C}
	EndGlobalSection
EndGlobal
